NeoBundleLock CRefVim f1ca962116cf90a23efa79b3bcdbd65191bf798c
NeoBundleLock Color-Scheme-Test fc7f2fa7040eeefe26601d724f286f0ef6b993ff
NeoBundleLock Dockerfile.vim fd2219a8b9772a8d5ebd80f9214f8c76ba6afb4f
NeoBundleLock DrawIt 22ed0633219d2068eb44fb8c9b621b69ad78ee07
NeoBundleLock JavaScript-syntax e24f4aa35f7d8c18cef41bc4cc76f52db5327f80
NeoBundleLock NSIS-syntax-highlighting 4e5deb8e9e1a20bbbd51153d04a9f208d85c611b
NeoBundleLock OOP-javascript-indentation 9c21f474da048044719f89d1853236f4c5d92773
NeoBundleLock SingleCompile e0cc3e7796a8ebdff5ac67ee089b92de3cc82d52
NeoBundleLock YouCompleteMe 14083d939d4b1341dc6ad2053914c327b7d647b1
NeoBundleLock ag.vim c478f7973074f15bbf82c298a1678b4e23f1767a
NeoBundleLock bash-support.vim 5525a7cb432a3dce95c20ef686bf414e01a9a920
NeoBundleLock bufexplorer.zip ba43ab7344ad019da8d2c63f3150fbc325c22c37
NeoBundleLock c.vim 69f0368c7d8dac196bd94ddfa80d98b1cedc7eb0
NeoBundleLock command-t f7344ebbe95c532b2ad01f19877d6d611db0193b
NeoBundleLock echofunc.vim 0ae23e9ffa916ff89f6cf6e3ca2442ad93243ce0
NeoBundleLock gundo.vim 3975ac871565115e3769dc69c06bc88ddc1369af
NeoBundleLock html5.vim ad38231df6845562f569512fd250c5660aadeb64
NeoBundleLock jQuery 895d237528151c373d71c99f4812eb45b094e7c8
NeoBundleLock jslint.vim 650c9481c702fbc5d55c75cf37a81954ce424578
NeoBundleLock lua-support fab7091c5606a755304095aa0411796c9bd3eaad
NeoBundleLock matchit.zip ced6c409c9beeb0b4142d21906606bd194411d1d
NeoBundleLock matrix.vim--Yang 2c9785d5669af7c23fe6d306997153e9e9d6fdcf
NeoBundleLock neobundle.vim 847cbd0d180a9ff2baf369c788e186b8aafaae8b
NeoBundleLock neocomplcache 6ab7ac25f25c32fe4bd845ac37514bf2a19a2a9d
NeoBundleLock neosnippet ca1a439f12a70b28325c43facf32ecc558042aa6
NeoBundleLock nerdcommenter 0b3d928dce8262dedfc2f83b9aeb59a94e4f0ae4
NeoBundleLock nerdtree b0bb781fc73ef40365e4c996a16f04368d64fc9d
NeoBundleLock po.vim--Jelenak 7e86f0a854a34dc4f33e3b675a3c847e89e8492c
NeoBundleLock railscasts 4e32f0421ef099ba86b66dbe65f0cf5a6a1d7e7f
NeoBundleLock std_c.zip f70ac2370b9190e7c2256f108cbeb3276f75fdf4
NeoBundleLock syntastic 48736aa376341518d7bedf3a39daf0ae9e1dcdc0
NeoBundleLock tabular 60f25648814f0695eeb6c1040d97adca93c4e0bb
NeoBundleLock tagbar fd79a1718902f3eee78a40547d9a792b0e54927f
NeoBundleLock taglist.vim 53041fbc45398a9af631a20657e109707a455339
NeoBundleLock taskpaper.vim 5ae477321709e5bc2b8eeca4e65a21435da4d80a
NeoBundleLock tslime.vim b9b00311744ba5d0d0e828da8b94249b44d137e1
NeoBundleLock vcscommand.vim 2fb32681361f37533455d20aaa7fc6eb11b0fa4b
NeoBundleLock vim-abolish d64ce06650cf9b098b5a01c0db53864965d9310b
NeoBundleLock vim-airline 14d14cf951c08fc88ca6c3e6f28fe47b99421e23
NeoBundleLock vim-bundler 722e34404a9aa7d51cff2cc23ccff71f407a6569
NeoBundleLock vim-clang f6d271acb5fc5d744af77a25a2db2a15545ccdf6
NeoBundleLock vim-coffee-script fd09aea1c0944eddd9dd6e5a22db4d52b7894490
NeoBundleLock vim-cucumber 932aa14cda5dd5154fcdd3f6642439b64488f901
NeoBundleLock vim-desert-warm-256 c5d858e175f84204e28e41de76b80324c9bf8678
NeoBundleLock vim-easymotion 667a668e114e9ec0e5d4cbcb0962d835b23614c4
NeoBundleLock vim-endwise 9f05e4c0c6163ec52010b0e1e6f66605ae42302d
NeoBundleLock vim-flatfoot 9dd4d6650335f9aadbd20c8b65ab37ddc6aaada2
NeoBundleLock vim-fugitive d4c615c427e5998c784032d460919f7f2f12ebaf
NeoBundleLock vim-git 5822ff0de7b409f2cb00dc6bfcabfe382f7b279d
NeoBundleLock vim-go fe85bd6a4b54c7fedd695067d5fc54c4e9a87931
NeoBundleLock vim-haml ce0cfeddbd2825d07a4361ab1871d6970361a1c9
NeoBundleLock vim-markdown ec0abb3064ce7af81d5d1141a5fba043ac9e8a1c
NeoBundleLock vim-nerdtree-tabs 84ccf91ac2db0f634e3e7acb171456c8dcbd74e7
NeoBundleLock vim-puppet d881b93dc4a8ed1374ad44439aeeb47808a6b91a
NeoBundleLock vim-ragtag da5a0b4671e87f8c8c3743fd3efd2858a895f583
NeoBundleLock vim-rails 74f407e2f8d02dc6ff39ed370a25731d723e5cef
NeoBundleLock vim-rake fd3e215fdd77d5d6528ccde5d778b5d90883c52b
NeoBundleLock vim-repeat a81bef76031ca1c71766b516417480caeb01c932
NeoBundleLock vim-ruby 5943faa4438b102ef19011f70599b6bc4f8a72c6
NeoBundleLock vim-slim bd67a41043a0d6aeea19e05ac413c91d9a6e609a
NeoBundleLock vim-snippets 58a7289e55ca38df56d4f39a42ace77ec057f899
NeoBundleLock vim-speeddating d01b8083f336b451df618fa623d3b4948ceea19a
NeoBundleLock vim-surround 02199ea0080d744ec76b79d74ce56d51d25cf7ae
NeoBundleLock vim-textobj-rubyblock 97e41086a8ca040e40955a6a968c0b50ae953222
NeoBundleLock vim-textobj-user 567931b10b067e96e77ea58a3db668fe0c1d251d
NeoBundleLock vim-turbux 7260b573c3073b341da10c1c296ac67a1939d1ae
NeoBundleLock vim-unimpaired cabf4b79b1c0cd9c9a8beec303c2e6172c82d19f
NeoBundleLock vim-vala 94da02c0b69d7395b39063a854c72c0affba4548
NeoBundleLock vim2ansi a711694d1d4752f2b86fbfa62f5c52ee2cba9ca3
NeoBundleLock vimproc.vim ee10f742304fc222e7fef694c67ca900c35fc579
