NeoBundleLock CRefVim f1ca962116cf90a23efa79b3bcdbd65191bf798c
NeoBundleLock Color-Scheme-Test fc7f2fa7040eeefe26601d724f286f0ef6b993ff
NeoBundleLock Dockerfile.vim 1e2fdce5942da5ccc90ecd3ac99b6a3c58d52a4d
NeoBundleLock DrawIt 4e824fc939cec81dc2a8f4d91aaeb6151d1cc140
NeoBundleLock NSIS-syntax-highlighting 4e5deb8e9e1a20bbbd51153d04a9f208d85c611b
NeoBundleLock SingleCompile 4004d12f0cdafbc3299c0991e59cf26b1e6c4630
NeoBundleLock ag.vim 4a0dd6e190f446e5a016b44fdaa2feafc582918e
NeoBundleLock bash-support.vim 309d6fe45859f2d30d0e8fe8016ca69f03b9f7d6
NeoBundleLock bufexplorer.zip 08b0100f5242e1de07bce40dc6376a4996791c33
NeoBundleLock c.vim 69f0368c7d8dac196bd94ddfa80d98b1cedc7eb0
NeoBundleLock command-t 354c429dad34f7d163663943c948f819588b53d3
NeoBundleLock ctrlp.vim 46a2986994e9550c198bc106e07a2a56c376696c
NeoBundleLock echofunc.vim 0ae23e9ffa916ff89f6cf6e3ca2442ad93243ce0
NeoBundleLock gundo.vim e7fe41024ace9047eee610f23311d44fd9d917c0
NeoBundleLock html5.vim fccd580f5f11d576169ee347907c9fbd77af410a
NeoBundleLock jQuery 895d237528151c373d71c99f4812eb45b094e7c8
NeoBundleLock lua-support fab7091c5606a755304095aa0411796c9bd3eaad
NeoBundleLock matchit.zip ced6c409c9beeb0b4142d21906606bd194411d1d
NeoBundleLock matrix.vim--Yang 2c9785d5669af7c23fe6d306997153e9e9d6fdcf
NeoBundleLock moonscript-vim 09becfebc51efe47fe6cf341e50131e62ae34996
NeoBundleLock neobundle.vim 9c62a8fcf9eb42d3956c703943c99f06a63112e6
NeoBundleLock neocomplete 38f6f183edc665b8c9f52dd1546dae2c4cc7e29c
NeoBundleLock neosnippet d373e1451e187318b5da387a50990ebb65e27587
NeoBundleLock neosnippet-snippets 34dec3c984bcae52a871d6d0954030cb23802305
NeoBundleLock nerdcommenter fdc611c8f4dbb5bed57fe95d076cf82e9bcb5e7d
NeoBundleLock nerdtree 4428aba2a299cbd117c80e7d18068b2cbb222fff
NeoBundleLock po.vim--Jelenak 7e86f0a854a34dc4f33e3b675a3c847e89e8492c
NeoBundleLock railscasts 4e32f0421ef099ba86b66dbe65f0cf5a6a1d7e7f
NeoBundleLock rust.vim fc11d02fee330df7b30c83a80f09dd0c60ab43ce
NeoBundleLock splitjoin.vim a6f9ddcfb58f13fdefb656eb67e5d39616c4148a
NeoBundleLock std_c.zip f70ac2370b9190e7c2256f108cbeb3276f75fdf4
NeoBundleLock syntastic 1fec9e8b9a1f0a804f840693c1ef6dfee86e9994
NeoBundleLock tabular 00e1e7fcdbc6d753e0bc8043e0d2546fa81bf367
NeoBundleLock tagbar 7b36c46d17d57db34fdb0adac9ba6382d0bb5e66
NeoBundleLock taglist.vim 53041fbc45398a9af631a20657e109707a455339
NeoBundleLock taskpaper.vim 5ae477321709e5bc2b8eeca4e65a21435da4d80a
NeoBundleLock tslime.vim b9b00311744ba5d0d0e828da8b94249b44d137e1
NeoBundleLock ultisnips ff10513cddc36f316e5d848c9b54aa8dd9ba9cd5
NeoBundleLock vcscommand.vim 2fb32681361f37533455d20aaa7fc6eb11b0fa4b
NeoBundleLock vim-abolish 0d6316824906725418b5532b19314cc40eb224eb
NeoBundleLock vim-airline ea98b42a0d7ee7888bcdbb5235b1a704526db1cf
NeoBundleLock vim-bundler b42217a20cd4cac5a00096dc4e98d2497c21b3fe
NeoBundleLock vim-clang 32291b6f1701e588f4898e0b8a9af9375f77e1c3
NeoBundleLock vim-coffee-script 5de5f371a90d714296466239071473788865b6ef
NeoBundleLock vim-cucumber bcb119cf9a6e131d5c9cbb7af3296eb6f2c23151
NeoBundleLock vim-desert-warm-256 c5d858e175f84204e28e41de76b80324c9bf8678
NeoBundleLock vim-easy-align 0cb6b98fc155717b0a56c110551ac57d1d951ddb
NeoBundleLock vim-easymotion 5c6f3cd9a713491e6b32752a05c45198aa91540a
NeoBundleLock vim-endwise 0067ceda37725d01b7bd5bf249d63b1b5d4e2ab4
NeoBundleLock vim-flatfoot 9dd4d6650335f9aadbd20c8b65ab37ddc6aaada2
NeoBundleLock vim-fugitive aac85a268e89a6c8be79341e130ac90256fadbd6
NeoBundleLock vim-git a08ca046128988beb3461d44de91524350be7678
NeoBundleLock vim-go c63c798f71790c7952a9adafa866be1523f38589
NeoBundleLock vim-haml 1f2e47c78c2faf90ff419c2f4e1241094844678c
NeoBundleLock vim-javascript 782cc10782fabe8147fec8251b9df1abe783ff07
NeoBundleLock vim-jdaddy fccddca8092ca3dfa843e9e33fc7be8c8ef1c727
NeoBundleLock vim-json f5e3181d0b33a9c51377bb7ea8492feddca8b503
NeoBundleLock vim-jsx eb656ed96435ccf985668ebd7bb6ceb34b736213
NeoBundleLock vim-markdown 3c2215bfed1de1251927fbc94b2631ca27c2958f
NeoBundleLock vim-nerdtree-tabs 0decec122e9bb3e9328b01fa20a9650e79cc6ca7
NeoBundleLock vim-ragtag 9378cddc1c264f777af59f04e5b8d64eca8ee5fd
NeoBundleLock vim-rails f35e42632bfda7bfa7c6c8e2dad7f0498caac6e2
NeoBundleLock vim-rake 82ad45543f0d13dfa7d3f59ca4cd54d0e145417f
NeoBundleLock vim-repeat 7a6675f092842c8f81e71d5345bd7cdbf3759415
NeoBundleLock vim-ruby 119967ae5469c7bf7219bf834fcf127fb244a90d
NeoBundleLock vim-slim 1942fe27147ddcc9b1d7196ca2ac4217fe545014
NeoBundleLock vim-snippets 744a18ffff9443b6e64bde01a3d69015993c418b
NeoBundleLock vim-speeddating 426c792e479f6e1650a6996c683943a09344c21e
NeoBundleLock vim-surround e49d6c2459e0f5569ff2d533b4df995dd7f98313
NeoBundleLock vim-swift 19bbb5e1f9fc049e799f7a62e14933602f06d363
NeoBundleLock vim-table-mode 8bacd0ba660e94e0bf7e1a41e803df58be4c7376
NeoBundleLock vim-textobj-rubyblock e9edab34fc6389b10a6887ad09b4b6ed6e56c667
NeoBundleLock vim-textobj-user a3054162c09bcf732624f43ddacbd85dad09713b
NeoBundleLock vim-turbux 7260b573c3073b341da10c1c296ac67a1939d1ae
NeoBundleLock vim-unimpaired 11dc568dbfd7a56866a4354c737515769f08e9fe
NeoBundleLock vim-vala 94da02c0b69d7395b39063a854c72c0affba4548
NeoBundleLock vim2ansi a711694d1d4752f2b86fbfa62f5c52ee2cba9ca3
NeoBundleLock vimproc.vim 25cb83f24edec4aec1e9f1329302235e7a7a7fe0
